
Microsoft Visual Studio Solution File, Format Version 12.00
# Visual Studio 15
VisualStudioVersion = 15.0.26730.15
MinimumVisualStudioVersion = 10.0.40219.1
Project("{FAE04EC0-301F-11D3-BF4B-00C04F79EFBC}") = "TestTask1", "TestTask1\TestTask1.csproj", "{7AEF4336-5EA5-4C9E-AD92-BD22B0EF88FB}"
EndProject
Project("{FAE04EC0-301F-11D3-BF4B-00C04F79EFBC}") = "WebApi", "WebApi\WebApi\WebApi.csproj", "{B34485BC-ED18-4259-8BAB-2015AF4283C3}"
EndProject
Global
	GlobalSection(SolutionConfigurationPlatforms) = preSolution
		Debug|Any CPU = Debug|Any CPU
		Release|Any CPU = Release|Any CPU
	EndGlobalSection
	GlobalSection(ProjectConfigurationPlatforms) = postSolution
		{7AEF4336-5EA5-4C9E-AD92-BD22B0EF88FB}.Debug|Any CPU.ActiveCfg = Debug|Any CPU
		{7AEF4336-5EA5-4C9E-AD92-BD22B0EF88FB}.Debug|Any CPU.Build.0 = Debug|Any CPU
		{7AEF4336-5EA5-4C9E-AD92-BD22B0EF88FB}.Release|Any CPU.ActiveCfg = Release|Any CPU
		{7AEF4336-5EA5-4C9E-AD92-BD22B0EF88FB}.Release|Any CPU.Build.0 = Release|Any CPU
		{B34485BC-ED18-4259-8BAB-2015AF4283C3}.Debug|Any CPU.ActiveCfg = Debug|Any CPU
		{B34485BC-ED18-4259-8BAB-2015AF4283C3}.Debug|Any CPU.Build.0 = Debug|Any CPU
		{B34485BC-ED18-4259-8BAB-2015AF4283C3}.Release|Any CPU.ActiveCfg = Release|Any CPU
		{B34485BC-ED18-4259-8BAB-2015AF4283C3}.Release|Any CPU.Build.0 = Release|Any CPU
	EndGlobalSection
	GlobalSection(SolutionProperties) = preSolution
		HideSolutionNode = FALSE
	EndGlobalSection
	GlobalSection(ExtensibilityGlobals) = postSolution
		SolutionGuid = {2657CB54-A34F-4D03-9F69-05956BC05B84}
	EndGlobalSection
EndGlobal
